github.com/ellypaws/inkbunny/api v0.0.0-20240305153748-9f11a5c319c6 h1:4zkSzNTey/2y/YuOn6BdvyduMY2jXokD0b+31+R1oE8=
github.com/ellypaws/inkbunny/api v0.0.0-20240305153748-9f11a5c319c6/go.mod h1:wdWqyRSEoSVdu5FnUGv44PvqdLfKQfgaXvDQpZFJs3A=
golang.org/x/sys v0.17.0/go.mod h1:/VUhepiaJMQUp4+oa/7Zr1D23ma6VTLIYjOOTFZPUcA=
golang.org/x/term v0.17.0/go.mod h1:lLRBjIVuehSbZlaOtGMbcMncT+aqLLLmKrsjNrUguwk=
